
Microsoft Visual Studio Solution File, Format Version 12.00
# Visual Studio Version 17
VisualStudioVersion = 17.3.32901.215
MinimumVisualStudioVersion = 10.0.40219.1
Project("{FAE04EC0-301F-11D3-BF4B-00C04F79EFBC}") = "kursBd", "kursBd.csproj", "{56CD5E86-3C39-4FD7-B91B-12E8D7526075}"
EndProject
Global
	GlobalSection(SolutionConfigurationPlatforms) = preSolution
		Debug|Any CPU = Debug|Any CPU
		Release|Any CPU = Release|Any CPU
	EndGlobalSection
	GlobalSection(ProjectConfigurationPlatforms) = postSolution
		{56CD5E86-3C39-4FD7-B91B-12E8D7526075}.Debug|Any CPU.ActiveCfg = Debug|Any CPU
		{56CD5E86-3C39-4FD7-B91B-12E8D7526075}.Debug|Any CPU.Build.0 = Debug|Any CPU
		{56CD5E86-3C39-4FD7-B91B-12E8D7526075}.Release|Any CPU.ActiveCfg = Release|Any CPU
		{56CD5E86-3C39-4FD7-B91B-12E8D7526075}.Release|Any CPU.Build.0 = Release|Any CPU
	EndGlobalSection
	GlobalSection(SolutionProperties) = preSolution
		HideSolutionNode = FALSE
	EndGlobalSection
	GlobalSection(ExtensibilityGlobals) = postSolution
		SolutionGuid = {BFF35981-8AD7-4F22-BE0D-9BA661E3F505}
	EndGlobalSection
EndGlobal
